
Microsoft Visual Studio Solution File, Format Version 12.00
# Visual Studio Version 17
VisualStudioVersion = 17.4.33213.308
MinimumVisualStudioVersion = 10.0.40219.1
Project("{FAE04EC0-301F-11D3-BF4B-00C04F79EFBC}") = "PreEntrega", "PreEntrega\PreEntrega.csproj", "{F57AE1F5-3F96-4AB4-B804-5FC2DA941611}"
EndProject
Global
	GlobalSection(SolutionConfigurationPlatforms) = preSolution
		Debug|Any CPU = Debug|Any CPU
		Release|Any CPU = Release|Any CPU
	EndGlobalSection
	GlobalSection(ProjectConfigurationPlatforms) = postSolution
		{F57AE1F5-3F96-4AB4-B804-5FC2DA941611}.Debug|Any CPU.ActiveCfg = Debug|Any CPU
		{F57AE1F5-3F96-4AB4-B804-5FC2DA941611}.Debug|Any CPU.Build.0 = Debug|Any CPU
		{F57AE1F5-3F96-4AB4-B804-5FC2DA941611}.Release|Any CPU.ActiveCfg = Release|Any CPU
		{F57AE1F5-3F96-4AB4-B804-5FC2DA941611}.Release|Any CPU.Build.0 = Release|Any CPU
	EndGlobalSection
	GlobalSection(SolutionProperties) = preSolution
		HideSolutionNode = FALSE
	EndGlobalSection
	GlobalSection(ExtensibilityGlobals) = postSolution
		SolutionGuid = {F38615D8-9C50-4D01-B662-6BFC786F8BD6}
	EndGlobalSection
EndGlobal
